
Microsoft Visual Studio Solution File, Format Version 12.00
# Visual Studio 15
VisualStudioVersion = 15.0.28010.2016
MinimumVisualStudioVersion = 10.0.40219.1
Project("{FAE04EC0-301F-11D3-BF4B-00C04F79EFBC}") = "DemoApp", "DemoApp\DemoApp.csproj", "{C19B483E-155E-42D5-BD35-0DE1AEA3A5BD}"
EndProject
Global
	GlobalSection(SolutionConfigurationPlatforms) = preSolution
		Debug|Any CPU = Debug|Any CPU
		Release|Any CPU = Release|Any CPU
	EndGlobalSection
	GlobalSection(ProjectConfigurationPlatforms) = postSolution
		{C19B483E-155E-42D5-BD35-0DE1AEA3A5BD}.Debug|Any CPU.ActiveCfg = Debug|Any CPU
		{C19B483E-155E-42D5-BD35-0DE1AEA3A5BD}.Debug|Any CPU.Build.0 = Debug|Any CPU
		{C19B483E-155E-42D5-BD35-0DE1AEA3A5BD}.Release|Any CPU.ActiveCfg = Release|Any CPU
		{C19B483E-155E-42D5-BD35-0DE1AEA3A5BD}.Release|Any CPU.Build.0 = Release|Any CPU
	EndGlobalSection
	GlobalSection(SolutionProperties) = preSolution
		HideSolutionNode = FALSE
	EndGlobalSection
	GlobalSection(ExtensibilityGlobals) = postSolution
		SolutionGuid = {781352D6-6191-4F94-868C-0995F23CE68B}
	EndGlobalSection
EndGlobal
